
Microsoft Visual Studio Solution File, Format Version 12.00
# Visual Studio Version 17
VisualStudioVersion = 17.0.31903.59
MinimumVisualStudioVersion = 10.0.40219.1
Project("{FAE04EC0-301F-11D3-BF4B-00C04F79EFBC}") = "DynamicODataToSQL", "DynamicODataToSQL\DynamicODataToSQL.csproj", "{32A75AD3-EE1A-451B-8FFA-A11C63F9BC5E}"
EndProject
Project("{FAE04EC0-301F-11D3-BF4B-00C04F79EFBC}") = "DynamicODataToSQL.Test", "..\Tests\DynamicODataToSQL.Test\DynamicODataToSQL.Test.csproj", "{7ED2F6A3-6DAA-43BC-97B9-8CDDEE22583E}"
EndProject
Global
	GlobalSection(SolutionConfigurationPlatforms) = preSolution
		Debug|Any CPU = Debug|Any CPU
		Release|Any CPU = Release|Any CPU
	EndGlobalSection
	GlobalSection(SolutionProperties) = preSolution
		HideSolutionNode = FALSE
	EndGlobalSection
	GlobalSection(ProjectConfigurationPlatforms) = postSolution
		{32A75AD3-EE1A-451B-8FFA-A11C63F9BC5E}.Debug|Any CPU.ActiveCfg = Debug|Any CPU
		{32A75AD3-EE1A-451B-8FFA-A11C63F9BC5E}.Debug|Any CPU.Build.0 = Debug|Any CPU
		{32A75AD3-EE1A-451B-8FFA-A11C63F9BC5E}.Release|Any CPU.ActiveCfg = Release|Any CPU
		{32A75AD3-EE1A-451B-8FFA-A11C63F9BC5E}.Release|Any CPU.Build.0 = Release|Any CPU
		{7ED2F6A3-6DAA-43BC-97B9-8CDDEE22583E}.Debug|Any CPU.ActiveCfg = Debug|Any CPU
		{7ED2F6A3-6DAA-43BC-97B9-8CDDEE22583E}.Debug|Any CPU.Build.0 = Debug|Any CPU
		{7ED2F6A3-6DAA-43BC-97B9-8CDDEE22583E}.Release|Any CPU.ActiveCfg = Release|Any CPU
		{7ED2F6A3-6DAA-43BC-97B9-8CDDEE22583E}.Release|Any CPU.Build.0 = Release|Any CPU
	EndGlobalSection
EndGlobal
